{
  "version": 4,
  "terraform_version": "1.5.1",
  "serial": 29,
  "lineage": "bd472b05-e06a-ee3a-f576-75bc9e83c444",
  "outputs": {},
  "resources": [
    {
      "mode": "managed",
      "type": "google_kms_crypto_key",
      "name": "gcp-pr-tfstate",
      "provider": "provider[\"registry.terraform.io/hashicorp/google\"]",
      "instances": []
    },
    {
      "mode": "managed",
      "type": "google_kms_crypto_key",
      "name": "gcp_pr_tfstate",
      "provider": "provider[\"registry.terraform.io/hashicorp/google\"]",
      "instances": [
        {
          "schema_version": 1,
          "attributes": {
            "destroy_scheduled_duration": "86400s",
            "id": "projects/gcp-project-replica-391115/locations/europe-west2/keyRings/gcp-pr-tfstate-keyring/cryptoKeys/gcp-pr-tfstate-key",
            "import_only": false,
            "key_ring": "projects/gcp-project-replica-391115/locations/europe-west2/keyRings/gcp-pr-tfstate-keyring",
            "labels": null,
            "name": "gcp-pr-tfstate-key",
            "purpose": "ENCRYPT_DECRYPT",
            "rotation_period": "",
            "skip_initial_version_creation": false,
            "timeouts": null,
            "version_template": [
              {
                "algorithm": "GOOGLE_SYMMETRIC_ENCRYPTION",
                "protection_level": "SOFTWARE"
              }
            ]
          },
          "sensitive_attributes": [],
          "private": "eyJlMmJmYjczMC1lY2FhLTExZTYtOGY4OC0zNDM2M2JjN2M0YzAiOnsiY3JlYXRlIjoxMjAwMDAwMDAwMDAwLCJkZWxldGUiOjEyMDAwMDAwMDAwMDAsInVwZGF0ZSI6MTIwMDAwMDAwMDAwMH0sInNjaGVtYV92ZXJzaW9uIjoiMSJ9",
          "dependencies": [
            "google_kms_key_ring.gcp_pr_tfstate"
          ]
        }
      ]
    },
    {
      "mode": "managed",
      "type": "google_kms_crypto_key_version",
      "name": "gcp_pr_tfstate",
      "provider": "provider[\"registry.terraform.io/hashicorp/google\"]",
      "instances": [
        {
          "schema_version": 0,
          "attributes": {
            "algorithm": "GOOGLE_SYMMETRIC_ENCRYPTION",
            "attestation": [],
            "crypto_key": "projects/gcp-project-replica-391115/locations/europe-west2/keyRings/gcp-pr-tfstate-keyring/cryptoKeys/gcp-pr-tfstate-key",
            "generate_time": "2023-06-27T19:20:58.294210174Z",
            "id": "projects/gcp-project-replica-391115/locations/europe-west2/keyRings/gcp-pr-tfstate-keyring/cryptoKeys/gcp-pr-tfstate-key/cryptoKeyVersions/2",
            "name": "projects/gcp-project-replica-391115/locations/europe-west2/keyRings/gcp-pr-tfstate-keyring/cryptoKeys/gcp-pr-tfstate-key/cryptoKeyVersions/2",
            "protection_level": "SOFTWARE",
            "state": "ENABLED",
            "timeouts": null
          },
          "sensitive_attributes": [],
          "private": "eyJlMmJmYjczMC1lY2FhLTExZTYtOGY4OC0zNDM2M2JjN2M0YzAiOnsiY3JlYXRlIjoxMjAwMDAwMDAwMDAwLCJkZWxldGUiOjEyMDAwMDAwMDAwMDAsInVwZGF0ZSI6MTIwMDAwMDAwMDAwMH19",
          "dependencies": [
            "google_kms_crypto_key.gcp_pr_tfstate",
            "google_kms_key_ring.gcp_pr_tfstate"
          ]
        }
      ]
    },
    {
      "mode": "managed",
      "type": "google_kms_key_ring",
      "name": "gcp_pr_tfstate",
      "provider": "provider[\"registry.terraform.io/hashicorp/google\"]",
      "instances": [
        {
          "schema_version": 0,
          "attributes": {
            "id": "projects/gcp-project-replica-391115/locations/europe-west2/keyRings/gcp-pr-tfstate-keyring",
            "location": "europe-west2",
            "name": "gcp-pr-tfstate-keyring",
            "project": "gcp-project-replica-391115",
            "timeouts": null
          },
          "sensitive_attributes": [],
          "private": "eyJlMmJmYjczMC1lY2FhLTExZTYtOGY4OC0zNDM2M2JjN2M0YzAiOnsiY3JlYXRlIjoxMjAwMDAwMDAwMDAwLCJkZWxldGUiOjEyMDAwMDAwMDAwMDB9fQ=="
        }
      ]
    },
    {
      "mode": "managed",
      "type": "google_storage_bucket",
      "name": "gcp-pr-tfstate",
      "provider": "provider[\"registry.terraform.io/hashicorp/google\"]",
      "instances": []
    }
  ],
  "check_results": null
}
